
Microsoft Visual Studio Solution File, Format Version 12.00
# Visual Studio Version 17
VisualStudioVersion = 17.11.35327.3
MinimumVisualStudioVersion = 10.0.40219.1
Project("{9A19103F-16F7-4668-BE54-9A1E7A4F7556}") = "UI", "UI.csproj", "{26208200-B28A-459E-B577-272F82CDC1DB}"
EndProject
Project("{FAE04EC0-301F-11D3-BF4B-00C04F79EFBC}") = "DataAccess", "..\DataAccess\DataAccess.csproj", "{135E967B-815B-4027-800F-5609B3828665}"
EndProject
Project("{FAE04EC0-301F-11D3-BF4B-00C04F79EFBC}") = "Business", "..\Business\Business.csproj", "{12914B48-D27C-41F7-9947-38FB278A85BB}"
EndProject
Global
	GlobalSection(SolutionConfigurationPlatforms) = preSolution
		Debug|Any CPU = Debug|Any CPU
		Release|Any CPU = Release|Any CPU
	EndGlobalSection
	GlobalSection(ProjectConfigurationPlatforms) = postSolution
		{26208200-B28A-459E-B577-272F82CDC1DB}.Debug|Any CPU.ActiveCfg = Debug|Any CPU
		{26208200-B28A-459E-B577-272F82CDC1DB}.Debug|Any CPU.Build.0 = Debug|Any CPU
		{26208200-B28A-459E-B577-272F82CDC1DB}.Release|Any CPU.ActiveCfg = Release|Any CPU
		{26208200-B28A-459E-B577-272F82CDC1DB}.Release|Any CPU.Build.0 = Release|Any CPU
		{135E967B-815B-4027-800F-5609B3828665}.Debug|Any CPU.ActiveCfg = Debug|Any CPU
		{135E967B-815B-4027-800F-5609B3828665}.Debug|Any CPU.Build.0 = Debug|Any CPU
		{135E967B-815B-4027-800F-5609B3828665}.Release|Any CPU.ActiveCfg = Release|Any CPU
		{135E967B-815B-4027-800F-5609B3828665}.Release|Any CPU.Build.0 = Release|Any CPU
		{12914B48-D27C-41F7-9947-38FB278A85BB}.Debug|Any CPU.ActiveCfg = Debug|Any CPU
		{12914B48-D27C-41F7-9947-38FB278A85BB}.Debug|Any CPU.Build.0 = Debug|Any CPU
		{12914B48-D27C-41F7-9947-38FB278A85BB}.Release|Any CPU.ActiveCfg = Release|Any CPU
		{12914B48-D27C-41F7-9947-38FB278A85BB}.Release|Any CPU.Build.0 = Release|Any CPU
	EndGlobalSection
	GlobalSection(SolutionProperties) = preSolution
		HideSolutionNode = FALSE
	EndGlobalSection
	GlobalSection(ExtensibilityGlobals) = postSolution
		SolutionGuid = {4A8A2038-95F6-4E8B-877A-9B83959D6E44}
	EndGlobalSection
EndGlobal
